
Microsoft Visual Studio Solution File, Format Version 12.00
# Visual Studio 2013
VisualStudioVersion = 12.0.31101.0
MinimumVisualStudioVersion = 10.0.40219.1
Project("{FAE04EC0-301F-11D3-BF4B-00C04F79EFBC}") = "SharpNoty", "SharpNoty\SharpNoty.csproj", "{00CC4964-E3E5-404D-99E2-900DA4AE09F4}"
EndProject
Project("{FAE04EC0-301F-11D3-BF4B-00C04F79EFBC}") = "DemoSite", "DemoSite\DemoSite.csproj", "{05C06325-4C06-4CAD-B4DB-AD92B188B0E4}"
EndProject
Global
	GlobalSection(SolutionConfigurationPlatforms) = preSolution
		Debug|Any CPU = Debug|Any CPU
		Release|Any CPU = Release|Any CPU
	EndGlobalSection
	GlobalSection(ProjectConfigurationPlatforms) = postSolution
		{00CC4964-E3E5-404D-99E2-900DA4AE09F4}.Debug|Any CPU.ActiveCfg = Debug|Any CPU
		{00CC4964-E3E5-404D-99E2-900DA4AE09F4}.Debug|Any CPU.Build.0 = Debug|Any CPU
		{00CC4964-E3E5-404D-99E2-900DA4AE09F4}.Release|Any CPU.ActiveCfg = Release|Any CPU
		{00CC4964-E3E5-404D-99E2-900DA4AE09F4}.Release|Any CPU.Build.0 = Release|Any CPU
		{05C06325-4C06-4CAD-B4DB-AD92B188B0E4}.Debug|Any CPU.ActiveCfg = Debug|Any CPU
		{05C06325-4C06-4CAD-B4DB-AD92B188B0E4}.Debug|Any CPU.Build.0 = Debug|Any CPU
		{05C06325-4C06-4CAD-B4DB-AD92B188B0E4}.Release|Any CPU.ActiveCfg = Release|Any CPU
		{05C06325-4C06-4CAD-B4DB-AD92B188B0E4}.Release|Any CPU.Build.0 = Release|Any CPU
	EndGlobalSection
	GlobalSection(SolutionProperties) = preSolution
		HideSolutionNode = FALSE
	EndGlobalSection
EndGlobal
